
Microsoft Visual Studio Solution File, Format Version 12.00
# Visual Studio Version 17
VisualStudioVersion = 17.0.31919.166
MinimumVisualStudioVersion = 10.0.40219.1
Project("{FAE04EC0-301F-11D3-BF4B-00C04F79EFBC}") = "EFCrud", "EFCrud\EFCrud.csproj", "{7252A76F-1510-44DE-8700-4CF440F3AD29}"
EndProject
Global
	GlobalSection(SolutionConfigurationPlatforms) = preSolution
		Debug|Any CPU = Debug|Any CPU
		Release|Any CPU = Release|Any CPU
	EndGlobalSection
	GlobalSection(ProjectConfigurationPlatforms) = postSolution
		{7252A76F-1510-44DE-8700-4CF440F3AD29}.Debug|Any CPU.ActiveCfg = Debug|Any CPU
		{7252A76F-1510-44DE-8700-4CF440F3AD29}.Debug|Any CPU.Build.0 = Debug|Any CPU
		{7252A76F-1510-44DE-8700-4CF440F3AD29}.Release|Any CPU.ActiveCfg = Release|Any CPU
		{7252A76F-1510-44DE-8700-4CF440F3AD29}.Release|Any CPU.Build.0 = Release|Any CPU
	EndGlobalSection
	GlobalSection(SolutionProperties) = preSolution
		HideSolutionNode = FALSE
	EndGlobalSection
	GlobalSection(ExtensibilityGlobals) = postSolution
		SolutionGuid = {4B926540-3879-4FD9-820B-EF213F98509D}
	EndGlobalSection
EndGlobal
